{
  "requires": true,
  "lockfileVersion": 1,
  "dependencies": {
    "oibackoff": {
      "version": "1.0.1",
      "resolved": "https://registry.npmjs.org/oibackoff/-/oibackoff-1.0.1.tgz",
      "integrity": "sha1-nBJ4yF89ci0EZ+dWJTn66RowUlk=",
      "requires": {
        "underscore": "~1.3.3"
      }
    },
    "underscore": {
      "version": "1.3.3",
      "resolved": "https://registry.npmjs.org/underscore/-/underscore-1.3.3.tgz",
      "integrity": "sha1-R6xTaD2vgyv6lS4XdEF9pHgXrkI="
    }
  }
}
