{
  "requires": true,
  "lockfileVersion": 1,
  "dependencies": {
    "countries-and-timezones": {
      "version": "1.0.1",
      "resolved": "https://registry.npmjs.org/countries-and-timezones/-/countries-and-timezones-1.0.1.tgz",
      "integrity": "sha512-rQ++m2tbeSxdmG/F4TqxqZuiZuVIFhFzs0Frp6M15GVAH0FyyJZtAmNNa7sooDtkQWv7mRVYZUc2yY+gADhXsA=="
    }
  }
}
