{
  "requires": true,
  "lockfileVersion": 1,
  "dependencies": {
    "slug": {
      "version": "1.1.0",
      "resolved": "https://registry.npmjs.org/slug/-/slug-1.1.0.tgz",
      "integrity": "sha512-NuIOjDQeTMPm+/AUIHJ5636mF3jOsYLFnoEErl9Tdpt4kpt4fOrAJxscH9mUgX1LtPaEqgPCawBg7A4yhoSWRg==",
      "requires": {
        "unicode": ">= 0.3.1"
      }
    },
    "unicode": {
      "version": "11.0.1",
      "resolved": "https://registry.npmjs.org/unicode/-/unicode-11.0.1.tgz",
      "integrity": "sha512-+cHtykLb+eF1yrSLWTwcYBrqJkTfX7Quoyg7Juhe6uylF43ZbMdxMuSHNYlnyLT8T7POAvavgBthzUF9AIaQvQ=="
    }
  }
}
