{
  "requires": true,
  "lockfileVersion": 1,
  "dependencies": {
    "indento": {
      "version": "1.1.12",
      "resolved": "https://registry.npmjs.org/indento/-/indento-1.1.12.tgz",
      "integrity": "sha512-hWlFlRL6dd06MU5SsOZZ6kzO7t/7ZjcxWh1Yf/MjGtyKQMC8SPS5GbZ2XqMBGaGn+HM2QQawYxSLtS7Zv0w0BQ=="
    },
    "json2md": {
      "version": "1.6.3",
      "resolved": "https://registry.npmjs.org/json2md/-/json2md-1.6.3.tgz",
      "integrity": "sha512-bdza+dm2rKu9NgguimGe9Os7grpYE8CCLXIXMkIYGOfkZLxSMKN487OOT8PBgBW2xFCcItoxh6WFA7SJOEDKkw==",
      "requires": {
        "indento": "^1.1.7"
      }
    }
  }
}
