{
  "requires": true,
  "lockfileVersion": 1,
  "dependencies": {
    "backoff": {
      "version": "2.5.0",
      "resolved": "https://registry.npmjs.org/backoff/-/backoff-2.5.0.tgz",
      "integrity": "sha1-9hbtqdPktmuMp/ynn2lXIsX44m8=",
      "requires": {
        "precond": "0.2"
      }
    },
    "precond": {
      "version": "0.2.3",
      "resolved": "https://registry.npmjs.org/precond/-/precond-0.2.3.tgz",
      "integrity": "sha1-qpWRvKokkj8eD0hJ0kD0fvwQdaw="
    },
    "reconnect-core": {
      "version": "1.3.0",
      "resolved": "https://registry.npmjs.org/reconnect-core/-/reconnect-core-1.3.0.tgz",
      "integrity": "sha1-+65SkZp4d9hE4yRtAaLyZwHIM8g=",
      "requires": {
        "backoff": "~2.5.0"
      }
    }
  }
}
