{
  "requires": true,
  "lockfileVersion": 1,
  "dependencies": {
    "fast-stats": {
      "version": "0.0.5",
      "resolved": "https://registry.npmjs.org/fast-stats/-/fast-stats-0.0.5.tgz",
      "integrity": "sha512-HtS5uSqMiwfxFFyukKP/F0f3o8/8oqHtbInsaq2s0+V2J2MEHGyukWajWqzKS57sWLTOgJ7bKMRhA4fG5cTQ3Q=="
    }
  }
}
