{
  "requires": true,
  "lockfileVersion": 1,
  "dependencies": {
    "modular-scale": {
      "version": "5.1.0",
      "resolved": "https://registry.npmjs.org/modular-scale/-/modular-scale-5.1.0.tgz",
      "integrity": "sha512-jg69U8oktFpjBbtOdd7rWl7bmSIOo4OohJL8TXa4CMh8HaNYDxmq9+k3L2jx95VS1SW/TyoF+eQ/6dPfGguYrQ=="
    }
  }
}
