{
  "requires": true,
  "lockfileVersion": 1,
  "dependencies": {
    "sane-email-validation": {
      "version": "2.0.0",
      "resolved": "https://registry.npmjs.org/sane-email-validation/-/sane-email-validation-2.0.0.tgz",
      "integrity": "sha512-1HW1absblTVwsSGF84bWJjm0MeDrM8Dh7vQhlaQ8qxGaiENF4/LM0yWxcCqw7hg/hVDK4R3SvDjohp5xuL+3tA=="
    }
  }
}
