{
  "requires": true,
  "lockfileVersion": 1,
  "dependencies": {
    "inflected": {
      "version": "2.0.4",
      "resolved": "https://registry.npmjs.org/inflected/-/inflected-2.0.4.tgz",
      "integrity": "sha512-HQPzFLTTUvwfeUH6RAGjD8cHS069mBqXG5n4qaxX7sJXBhVQrsGgF+0ZJGkSuN6a8pcUWB/GXStta11kKi/WvA=="
    }
  }
}
