{
  "requires": true,
  "lockfileVersion": 1,
  "dependencies": {
    "is-touch-device": {
      "version": "1.0.1",
      "resolved": "https://registry.npmjs.org/is-touch-device/-/is-touch-device-1.0.1.tgz",
      "integrity": "sha512-LAYzo9kMT1b2p19L/1ATGt2XcSilnzNlyvq6c0pbPRVisLbAPpLqr53tIJS00kvrTkj0HtR8U7+u8X0yR8lPSw=="
    }
  }
}
