{
  "requires": true,
  "lockfileVersion": 1,
  "dependencies": {
    "hashset": {
      "version": "0.0.6",
      "resolved": "https://registry.npmjs.org/hashset/-/hashset-0.0.6.tgz",
      "integrity": "sha1-1Ejdyy3G/zJg6HwlzU4URHcKqnk=",
      "requires": {
        "string-hash": "^1.1.0"
      }
    },
    "string-hash": {
      "version": "1.1.3",
      "resolved": "https://registry.npmjs.org/string-hash/-/string-hash-1.1.3.tgz",
      "integrity": "sha1-6Kr8CsGFW0Zmkp7X3RJ1311sgRs="
    }
  }
}
