{
  "requires": true,
  "lockfileVersion": 1,
  "dependencies": {
    "is-mobile": {
      "version": "2.0.1",
      "resolved": "https://registry.npmjs.org/is-mobile/-/is-mobile-2.0.1.tgz",
      "integrity": "sha512-JNaoIFM3geBseef71iOu4024vfphwjFQPFGD64cziXbbyHdrF9zLTqxj2VEbrdOS/gkiQ5b3HldPf4eYPu8g/g=="
    }
  }
}
