{
  "requires": true,
  "lockfileVersion": 1,
  "dependencies": {
    "fromnow": {
      "version": "3.0.0",
      "resolved": "https://registry.npmjs.org/fromnow/-/fromnow-3.0.0.tgz",
      "integrity": "sha512-TXln1lergWD3ytNe5lNn+6RDcAElITJRSNPt5yPcKFcDYh6a85jZCt0wrSCiKmBQGqp0TD39+Simkh14S8bunA=="
    }
  }
}
