{
  "requires": true,
  "lockfileVersion": 1,
  "dependencies": {
    "ldap-filters": {
      "version": "2.2.2",
      "resolved": "https://registry.npmjs.org/ldap-filters/-/ldap-filters-2.2.2.tgz",
      "integrity": "sha1-X5dSekXumuFBRwkU7DMbWsWKbZA=",
      "requires": {
        "soundex": "~0.2.1"
      }
    },
    "soundex": {
      "version": "0.2.1",
      "resolved": "https://registry.npmjs.org/soundex/-/soundex-0.2.1.tgz",
      "integrity": "sha1-WIwsZRFAARwzh3cX85QbAscfQkI="
    }
  }
}
