{
  "requires": true,
  "lockfileVersion": 1,
  "dependencies": {
    "ngeohash": {
      "version": "0.6.3",
      "resolved": "https://registry.npmjs.org/ngeohash/-/ngeohash-0.6.3.tgz",
      "integrity": "sha512-kltF0cOxgx1AbmVzKxYZaoB0aj7mOxZeHaerEtQV0YaqnkXNq26WWqMmJ6lTqShYxVRWZ/mwvvTrNeOwdslWiw=="
    }
  }
}
