{
  "requires": true,
  "lockfileVersion": 1,
  "dependencies": {
    "linear-gradient": {
      "version": "1.0.6",
      "resolved": "https://registry.npmjs.org/linear-gradient/-/linear-gradient-1.0.6.tgz",
      "integrity": "sha512-ogM9DW9Zu9opIri7edn/2qROr2lZRtogkGWs/7aOi9QkKqQhfC3MjvwddWFTF7y4ezRDgYyP7+QlkWIV8kyITA=="
    }
  }
}
