{
  "requires": true,
  "lockfileVersion": 1,
  "dependencies": {
    "giphy-api": {
      "version": "2.0.1",
      "resolved": "https://registry.npmjs.org/giphy-api/-/giphy-api-2.0.1.tgz",
      "integrity": "sha512-6FKx6y26W1OqPtEOohvr3MOqCcYWajmz/svrjWm6XW2eP9mHvcQoi4aFg5afCakVF2b7zVllP0aNF45CGHZn+A=="
    }
  }
}
