{
  "requires": true,
  "lockfileVersion": 1,
  "dependencies": {
    "bump-regex": {
      "version": "4.0.0",
      "resolved": "https://registry.npmjs.org/bump-regex/-/bump-regex-4.0.0.tgz",
      "integrity": "sha512-N4z80e3i1c6w29SF9YBqVreQdrxvXa+IJL+mX/ua6v5cMCRHJiImYrpdkDb5cpfPiL2LYw0LjE0lBoDm3sqSrw==",
      "requires": {
        "semver": "^5.1.0"
      }
    },
    "semver": {
      "version": "5.7.0",
      "resolved": "https://registry.npmjs.org/semver/-/semver-5.7.0.tgz",
      "integrity": "sha512-Ya52jSX2u7QKghxeoFGpLwCtGlt7j0oY9DYb5apt9nPlJ42ID+ulTXESnt/qAQcoSERyZ5sl3LDIOw0nAn/5DA=="
    }
  }
}
