{
  "requires": true,
  "lockfileVersion": 1,
  "dependencies": {
    "js-to-java": {
      "version": "2.6.1",
      "resolved": "https://registry.npmjs.org/js-to-java/-/js-to-java-2.6.1.tgz",
      "integrity": "sha512-AZqB9HrphsMdKh6zKUy59jLJraWzZMbqA9ka6TuCgM/hU/m+lL714k8dLdvGPw+o8B5i8nEf2l1vtgEmWsxVbw=="
    }
  }
}
