{
  "requires": true,
  "lockfileVersion": 1,
  "dependencies": {
    "dotdir-regex": {
      "version": "1.0.1",
      "resolved": "https://registry.npmjs.org/dotdir-regex/-/dotdir-regex-1.0.1.tgz",
      "integrity": "sha1-kJT1Ey/BrybrOtv3JMMOeVNPE1s="
    },
    "is-dotdir": {
      "version": "1.0.1",
      "resolved": "https://registry.npmjs.org/is-dotdir/-/is-dotdir-1.0.1.tgz",
      "integrity": "sha1-iWf2APCd45PdD6Yq5BK+vY+tyh4=",
      "requires": {
        "dotdir-regex": "^1.0.1"
      }
    }
  }
}
