{
  "requires": true,
  "lockfileVersion": 1,
  "dependencies": {
    "contains-path": {
      "version": "1.0.0",
      "resolved": "https://registry.npmjs.org/contains-path/-/contains-path-1.0.0.tgz",
      "integrity": "sha1-NFizMhhWA+ju0Y9RjUoQiIo6vJE=",
      "requires": {
        "normalize-path": "^2.1.1",
        "path-starts-with": "^1.0.0"
      }
    },
    "normalize-path": {
      "version": "2.1.1",
      "resolved": "https://registry.npmjs.org/normalize-path/-/normalize-path-2.1.1.tgz",
      "integrity": "sha1-GrKLVW4Zg2Oowab35vogE3/mrtk=",
      "requires": {
        "remove-trailing-separator": "^1.0.1"
      }
    },
    "path-starts-with": {
      "version": "1.0.0",
      "resolved": "https://registry.npmjs.org/path-starts-with/-/path-starts-with-1.0.0.tgz",
      "integrity": "sha1-soJDAV6LE43lcmgqxS2kLmRq2E4=",
      "requires": {
        "normalize-path": "^2.1.1"
      }
    },
    "remove-trailing-separator": {
      "version": "1.1.0",
      "resolved": "https://registry.npmjs.org/remove-trailing-separator/-/remove-trailing-separator-1.1.0.tgz",
      "integrity": "sha1-wkvOKig62tW8P1jg1IJJuSN52O8="
    }
  }
}
