{
  "requires": true,
  "lockfileVersion": 1,
  "dependencies": {
    "b64-lite": {
      "version": "1.3.1",
      "resolved": "https://registry.npmjs.org/b64-lite/-/b64-lite-1.3.1.tgz",
      "integrity": "sha512-A3n/YWszeQeUeKKy+XRfsDW/s/+1cvD110HYA4uXtkNswNLd1MxrNblYt2lgKisUS3UfPPTaXhvFegD+l4YuOA==",
      "requires": {
        "base-64": "^0.1.0"
      }
    },
    "base-64": {
      "version": "0.1.0",
      "resolved": "https://registry.npmjs.org/base-64/-/base-64-0.1.0.tgz",
      "integrity": "sha1-eAqZyE59YAJgNhURxId2E78k9rs="
    }
  }
}
