{
  "requires": true,
  "lockfileVersion": 1,
  "dependencies": {
    "redis-mock": {
      "version": "0.44.0",
      "resolved": "https://registry.npmjs.org/redis-mock/-/redis-mock-0.44.0.tgz",
      "integrity": "sha512-n28zlPa8BWX34XnaIfNDZc/SJn2H6xlnP5c01+s/86rBm+8VGuOltcFFZXaI9IKwIPA4kJD2cdf1dP3P+eNjPA=="
    }
  }
}
