{
  "requires": true,
  "lockfileVersion": 1,
  "dependencies": {
    "statsd-client": {
      "version": "0.4.2",
      "resolved": "https://registry.npmjs.org/statsd-client/-/statsd-client-0.4.2.tgz",
      "integrity": "sha512-NH9IlFI5TvvGlPB4t0JMpl0mwspetYxX6+6E9jLeV+R0k7rAQJGilebjcWSRKenMQlw1987n0+8SRM/G5Sa9yA=="
    }
  }
}
