{
  "requires": true,
  "lockfileVersion": 1,
  "dependencies": {
    "iconv-lite": {
      "version": "0.4.5",
      "resolved": "https://registry.npmjs.org/iconv-lite/-/iconv-lite-0.4.5.tgz",
      "integrity": "sha1-nFdLcMMNYVhZ8gZNK+QzWtaxqNY="
    },
    "rfc2047": {
      "version": "2.0.1",
      "resolved": "https://registry.npmjs.org/rfc2047/-/rfc2047-2.0.1.tgz",
      "integrity": "sha1-GmWbkVhcN1fVNaWfmv7xulMq6Gs=",
      "requires": {
        "iconv-lite": "0.4.5"
      }
    }
  }
}
