{
  "requires": true,
  "lockfileVersion": 1,
  "dependencies": {
    "101": {
      "version": "1.6.3",
      "resolved": "https://registry.npmjs.org/101/-/101-1.6.3.tgz",
      "integrity": "sha512-4dmQ45yY0Dx24Qxp+zAsNLlMF6tteCyfVzgbulvSyC7tCyd3V8sW76sS0tHq8NpcbXfWTKasfyfzU1Kd86oKzw==",
      "requires": {
        "clone": "^1.0.2",
        "deep-eql": "^0.1.3",
        "keypather": "^1.10.2"
      }
    },
    "clone": {
      "version": "1.0.4",
      "resolved": "https://registry.npmjs.org/clone/-/clone-1.0.4.tgz",
      "integrity": "sha1-2jCcwmPfFZlMaIypAheco8fNfH4="
    },
    "deep-eql": {
      "version": "0.1.3",
      "resolved": "https://registry.npmjs.org/deep-eql/-/deep-eql-0.1.3.tgz",
      "integrity": "sha1-71WKyrjeJSBs1xOQbXTlaTDrafI=",
      "requires": {
        "type-detect": "0.1.1"
      }
    },
    "deep-extend": {
      "version": "0.4.2",
      "resolved": "https://registry.npmjs.org/deep-extend/-/deep-extend-0.4.2.tgz",
      "integrity": "sha1-SLaZwn4zS/ifEIkr5DL25MfTSn8="
    },
    "events": {
      "version": "1.1.1",
      "resolved": "https://registry.npmjs.org/events/-/events-1.1.1.tgz",
      "integrity": "sha1-nr23Y1rQmccNzEwqH1AEKI6L2SQ="
    },
    "f1": {
      "version": "8.0.0",
      "resolved": "https://registry.npmjs.org/f1/-/f1-8.0.0.tgz",
      "integrity": "sha1-rNDJPf+0UXp/4xjkporKJjxdFl0=",
      "requires": {
        "deep-extend": "^0.4.0",
        "interpolation-builder": "^2.1.0",
        "kimi": "^6.0.0",
        "no-op": "^1.0.3",
        "tween-function": "^2.0.0"
      }
    },
    "inherits": {
      "version": "2.0.4",
      "resolved": "https://registry.npmjs.org/inherits/-/inherits-2.0.4.tgz",
      "integrity": "sha512-k/vGaX4/Yla3WzyMCvTQOXYeIHvqOKtnqBduzTHpzpQZzAskKMhZ2K+EnBiSM9zGSoIFeMpXKxa4dYeZIQqewQ=="
    },
    "interpolation-builder": {
      "version": "2.1.0",
      "resolved": "https://registry.npmjs.org/interpolation-builder/-/interpolation-builder-2.1.0.tgz",
      "integrity": "sha1-bkzPrpTmD3/3FqHyvro9rKe/Bls="
    },
    "keypather": {
      "version": "1.10.2",
      "resolved": "https://registry.npmjs.org/keypather/-/keypather-1.10.2.tgz",
      "integrity": "sha1-4ESWMtSz5RbyHMAUznxWRP3c5hQ=",
      "requires": {
        "101": "^1.0.0"
      }
    },
    "kimi": {
      "version": "6.0.2",
      "resolved": "https://registry.npmjs.org/kimi/-/kimi-6.0.2.tgz",
      "integrity": "sha1-/E0coYpfFCc5O4T00gIurVa2nUo=",
      "requires": {
        "no-op": "^1.0.3",
        "node-dijkstra": "^1.1.3",
        "raf-loop": "^1.0.1"
      }
    },
    "no-op": {
      "version": "1.0.3",
      "resolved": "https://registry.npmjs.org/no-op/-/no-op-1.0.3.tgz",
      "integrity": "sha1-wb2BMjiQZY/jrvbklcPBA/XuxU0="
    },
    "node-dijkstra": {
      "version": "1.1.3",
      "resolved": "https://registry.npmjs.org/node-dijkstra/-/node-dijkstra-1.1.3.tgz",
      "integrity": "sha1-5FK1DJhzDVX8ZOkMPNor094v1pg=",
      "requires": {
        "101": "^1.0.0"
      }
    },
    "performance-now": {
      "version": "2.1.0",
      "resolved": "https://registry.npmjs.org/performance-now/-/performance-now-2.1.0.tgz",
      "integrity": "sha1-Ywn04OX6kT7BxpMHrjZLSzd8nns="
    },
    "raf": {
      "version": "3.4.1",
      "resolved": "https://registry.npmjs.org/raf/-/raf-3.4.1.tgz",
      "integrity": "sha512-Sq4CW4QhwOHE8ucn6J34MqtZCeWFP2aQSmrlroYgqAV1PjStIhJXxYuTgUIfkEk7zTLjmIjLmU5q+fbD1NnOJA==",
      "requires": {
        "performance-now": "^2.1.0"
      }
    },
    "raf-loop": {
      "version": "1.1.3",
      "resolved": "https://registry.npmjs.org/raf-loop/-/raf-loop-1.1.3.tgz",
      "integrity": "sha1-h0emmilhUZcgaVS85HfT5l5lkpk=",
      "requires": {
        "events": "^1.0.2",
        "inherits": "^2.0.1",
        "raf": "^3.0.0",
        "right-now": "^1.0.0"
      }
    },
    "right-now": {
      "version": "1.0.0",
      "resolved": "https://registry.npmjs.org/right-now/-/right-now-1.0.0.tgz",
      "integrity": "sha1-bolgne69fc2vja7Mmuo5z1haCRg="
    },
    "tween-function": {
      "version": "2.0.1",
      "resolved": "https://registry.npmjs.org/tween-function/-/tween-function-2.0.1.tgz",
      "integrity": "sha1-X1K4Em/gONzcgOLpH6er8zY0BqY="
    },
    "type-detect": {
      "version": "0.1.1",
      "resolved": "https://registry.npmjs.org/type-detect/-/type-detect-0.1.1.tgz",
      "integrity": "sha1-C6XsKohWQORw6k6FBZcZANrFiCI="
    }
  }
}
