{
  "requires": true,
  "lockfileVersion": 1,
  "dependencies": {
    "mixpanel-browser": {
      "version": "2.29.0",
      "resolved": "https://registry.npmjs.org/mixpanel-browser/-/mixpanel-browser-2.29.0.tgz",
      "integrity": "sha512-ql58ZM5rRnodlV5+BB+SgBuCZ9/gFWrDwdDnDB3SrpEhYFLUiR8rTjdi0Nyd0wuXqq2hcr2Rx3aJx6ubs2Cc8Q=="
    }
  }
}
