{
  "requires": true,
  "lockfileVersion": 1,
  "dependencies": {
    "flake-idgen": {
      "version": "1.1.2",
      "resolved": "https://registry.npmjs.org/flake-idgen/-/flake-idgen-1.1.2.tgz",
      "integrity": "sha512-VNhbzA/dUfWNn8Vko4iWRFonl8bdyNFkU11936KCsjyesa8ScDuYSr7LlC8XCAZ7TfEnhwpbDjPMOW+kvdZCnw=="
    }
  }
}
