{
  "requires": true,
  "lockfileVersion": 1,
  "dependencies": {
    "smart-truncate": {
      "version": "1.0.1",
      "resolved": "https://registry.npmjs.org/smart-truncate/-/smart-truncate-1.0.1.tgz",
      "integrity": "sha512-f+kSLMDWKSCpYhwOZM+Da4d8klk5nY4gH57HOEOaaotsZEsTIm/51/9vKDNE26WjU72eBM1zEYdQl6uDwvZfLg=="
    }
  }
}
