{
  "requires": true,
  "lockfileVersion": 1,
  "dependencies": {
    "humanize-duration": {
      "version": "3.18.0",
      "resolved": "https://registry.npmjs.org/humanize-duration/-/humanize-duration-3.18.0.tgz",
      "integrity": "sha512-reYy4EJMqlhX13TDlgSqLYfVGKOoixoEzsSL6DBlp22dScWN8Q2eMgDF4L0q28mzbgO40rnBy3WyEUQEhfYALw=="
    }
  }
}
