{
  "requires": true,
  "lockfileVersion": 1,
  "dependencies": {
    "minimist": {
      "version": "1.2.0",
      "resolved": "https://registry.npmjs.org/minimist/-/minimist-1.2.0.tgz",
      "integrity": "sha1-o1AIsg9BOD7sH7kU9M1d95omQoQ="
    },
    "nssm": {
      "version": "0.1.1",
      "resolved": "https://registry.npmjs.org/nssm/-/nssm-0.1.1.tgz",
      "integrity": "sha512-9tmJU+5rnNbAq++kTwdw+WKVI1ag1Ck5Qyp7TBNSeyZHj/mNbaFTPmZKjuVQD7aC/MXKOMyLvbqf/wIP7E+EpQ==",
      "requires": {
        "minimist": "^1.2.0"
      }
    }
  }
}
