{
  "requires": true,
  "lockfileVersion": 1,
  "dependencies": {
    "lolex": {
      "version": "4.1.0",
      "resolved": "https://registry.npmjs.org/lolex/-/lolex-4.1.0.tgz",
      "integrity": "sha512-BYxIEXiVq5lGIXeVHnsFzqa1TxN5acnKnPCdlZSpzm8viNEOhiigupA4vTQ9HEFQ6nLTQ9wQOgBknJgzUYQ9Aw=="
    }
  }
}
