{
  "requires": true,
  "lockfileVersion": 1,
  "dependencies": {
    "whitelist-object": {
      "version": "1.0.0",
      "resolved": "https://registry.npmjs.org/whitelist-object/-/whitelist-object-1.0.0.tgz",
      "integrity": "sha512-cETNzSas/atCPFIP/YSnu7MZ7jn6MA6mN/rMeDcuO5XLDUzNaWA4xQ8VrltaknFDGhyLZ6m4DTsv0CR/OHzAOA=="
    }
  }
}
