{
  "requires": true,
  "lockfileVersion": 1,
  "dependencies": {
    "serialize-javascript": {
      "version": "1.7.0",
      "resolved": "https://registry.npmjs.org/serialize-javascript/-/serialize-javascript-1.7.0.tgz",
      "integrity": "sha512-ke8UG8ulpFOxO8f8gRYabHQe/ZntKlcig2Mp+8+URDP1D8vJZ0KUt7LYo07q25Z/+JVSgpr/cui9PIp5H6/+nA=="
    }
  }
}
