{
  "requires": true,
  "lockfileVersion": 1,
  "dependencies": {
    "phone": {
      "version": "2.3.16",
      "resolved": "https://registry.npmjs.org/phone/-/phone-2.3.16.tgz",
      "integrity": "sha512-pkhc0QP1sX+pvsN4zlDlsaCsT1NnxB5f0L56Y00ljni9SpbhqC6AXXfeF5P+6wQ057xQNwXkRgvjpEm4S6KrfQ=="
    }
  }
}
