{
  "requires": true,
  "lockfileVersion": 1,
  "dependencies": {
    "array-map": {
      "version": "0.0.0",
      "resolved": "https://registry.npmjs.org/array-map/-/array-map-0.0.0.tgz",
      "integrity": "sha1-iKK6tz0c97zVwbEYoAP2b2ZfpmI="
    },
    "foreach-shim": {
      "version": "0.1.1",
      "resolved": "https://registry.npmjs.org/foreach-shim/-/foreach-shim-0.1.1.tgz",
      "integrity": "sha1-vmHXX0artxdvWr0pXjWIV1G3HZQ="
    },
    "isarray": {
      "version": "0.0.1",
      "resolved": "https://registry.npmjs.org/isarray/-/isarray-0.0.1.tgz",
      "integrity": "sha1-ihis/Kmo9Bd+Cav8YDiTmwXR7t8="
    },
    "source-map-cjs": {
      "version": "0.1.32",
      "resolved": "https://registry.npmjs.org/source-map-cjs/-/source-map-cjs-0.1.32.tgz",
      "integrity": "sha1-sRPwAGW0hPTToRI+8IQEalYijOc="
    },
    "stack-mapper": {
      "version": "0.2.2",
      "resolved": "https://registry.npmjs.org/stack-mapper/-/stack-mapper-0.2.2.tgz",
      "integrity": "sha1-eJApBUk3t9R8G1tnYSy7Hnz+cHE=",
      "requires": {
        "array-map": "0.0.0",
        "foreach-shim": "~0.1.1",
        "isarray": "0.0.1",
        "source-map-cjs": "~0.1.31"
      }
    }
  }
}
