{
  "requires": true,
  "lockfileVersion": 1,
  "dependencies": {
    "github-url-to-object": {
      "version": "4.0.4",
      "resolved": "https://registry.npmjs.org/github-url-to-object/-/github-url-to-object-4.0.4.tgz",
      "integrity": "sha512-1Ri1pR8XTfzLpbtPz5MlW/amGNdNReuExPsbF9rxLsBfO1GH9RtDBamhJikd0knMWq3RTTQDbTtw0GGvvEAJEA==",
      "requires": {
        "is-url": "^1.1.0"
      }
    },
    "is-url": {
      "version": "1.2.4",
      "resolved": "https://registry.npmjs.org/is-url/-/is-url-1.2.4.tgz",
      "integrity": "sha512-ITvGim8FhRiYe4IQ5uHSkj7pVaPDrCTkNd3yq3cV7iZAcJdHTUMPMEHcqSOy9xZ9qFenQCvi+2wjH9a1nXqHww=="
    }
  }
}
