{
  "requires": true,
  "lockfileVersion": 1,
  "dependencies": {
    "credit-card-type": {
      "version": "8.2.0",
      "resolved": "https://registry.npmjs.org/credit-card-type/-/credit-card-type-8.2.0.tgz",
      "integrity": "sha512-+1kZKW717eDTbZ1/EjkEi4+UrD2SygU2Iujn/VlrMHXloGW/y5GqPlQ/KgT4gaoDmWyufBfm/CAzNkpeccfMtA=="
    }
  }
}
