{
  "requires": true,
  "lockfileVersion": 1,
  "dependencies": {
    "starwars-names": {
      "version": "1.6.0",
      "resolved": "https://registry.npmjs.org/starwars-names/-/starwars-names-1.6.0.tgz",
      "integrity": "sha1-X5hLWpVHFOs4O01sGSNO/qY5gzU=",
      "requires": {
        "unique-random-array": "1.0.0"
      }
    },
    "unique-random": {
      "version": "1.0.0",
      "resolved": "https://registry.npmjs.org/unique-random/-/unique-random-1.0.0.tgz",
      "integrity": "sha1-zj4iTIJCzTOg53sNcYDXfmti0MQ="
    },
    "unique-random-array": {
      "version": "1.0.0",
      "resolved": "https://registry.npmjs.org/unique-random-array/-/unique-random-array-1.0.0.tgz",
      "integrity": "sha1-QrNyHFeTiNi2Z8k8Lb3j1dgakTY=",
      "requires": {
        "unique-random": "^1.0.0"
      }
    }
  }
}
