{
  "requires": true,
  "lockfileVersion": 1,
  "dependencies": {
    "card-validator": {
      "version": "6.2.0",
      "resolved": "https://registry.npmjs.org/card-validator/-/card-validator-6.2.0.tgz",
      "integrity": "sha512-1vYv45JaE9NmixZr4dl6ykzbFKv7imI9L7MQDs235b/a7EGbG8rrEsipeHtVvscLSUbl3RX6UP5gyOe0Y2FlHA==",
      "requires": {
        "credit-card-type": "^8.0.0"
      }
    },
    "credit-card-type": {
      "version": "8.2.0",
      "resolved": "https://registry.npmjs.org/credit-card-type/-/credit-card-type-8.2.0.tgz",
      "integrity": "sha512-+1kZKW717eDTbZ1/EjkEi4+UrD2SygU2Iujn/VlrMHXloGW/y5GqPlQ/KgT4gaoDmWyufBfm/CAzNkpeccfMtA=="
    }
  }
}
