{
  "requires": true,
  "lockfileVersion": 1,
  "dependencies": {
    "iban": {
      "version": "0.0.12",
      "resolved": "https://registry.npmjs.org/iban/-/iban-0.0.12.tgz",
      "integrity": "sha512-j+beWwI28a0tOzb2pTEVPwVl3dpWEuVI7EawGb6bUQD1j2GilGnETTnwIPzQZd1sQQuO4ET0giYt7fQkJ6bB3A=="
    }
  }
}
